// !$*UTF8*$!
{
	archiveVersion = 1;
	classes = {
	};
	objectVersion = 56;
	objects = {

/* Begin PBXBuildFile section */
		5ABF2B7629F1AD4E00B5F0BE /* QRCodeScanner.swift in Sources */ = {isa = PBXBuildFile; fileRef = 5ABF2B7529F1AD4E00B5F0BE /* QRCodeScanner.swift */; };
		5ABF2B7829F1AD4E00B5F0BE /* ContentView.swift in Sources */ = {isa = PBXBuildFile; fileRef = 5ABF2B7729F1AD4E00B5F0BE /* ContentView.swift */; };
		5ABF2B7A29F1AD5000B5F0BE /* Assets.xcassets in Resources */ = {isa = PBXBuildFile; fileRef = 5ABF2B7929F1AD5000B5F0BE /* Assets.xcassets */; };
		5ABF2B7D29F1AD5000B5F0BE /* Preview Assets.xcassets in Resources */ = {isa = PBXBuildFile; fileRef = 5ABF2B7C29F1AD5000B5F0BE /* Preview Assets.xcassets */; };
		5ABF2B8729F1AE8700B5F0BE /* CameraPermission.swift in Sources */ = {isa = PBXBuildFile; fileRef = 5ABF2B8629F1AE8700B5F0BE /* CameraPermission.swift */; };
		5ABF2B8929F1AEF600B5F0BE /* ScannerDelegate.swift in Sources */ = {isa = PBXBuildFile; fileRef = 5ABF2B8829F1AEF600B5F0BE /* ScannerDelegate.swift */; };
		5ABF2B8B29F1B08500B5F0BE /* ExtensionsView.swift in Sources */ = {isa = PBXBuildFile; fileRef = 5ABF2B8A29F1B08500B5F0BE /* ExtensionsView.swift */; };
		5ABF2B8D29F1B4D900B5F0BE /* CameraView.swift in Sources */ = {isa = PBXBuildFile; fileRef = 5ABF2B8C29F1B4D900B5F0BE /* CameraView.swift */; };
		5ABF2B8F29F1B67900B5F0BE /* ScannerView.swift in Sources */ = {isa = PBXBuildFile; fileRef = 5ABF2B8E29F1B67900B5F0BE /* ScannerView.swift */; };
		5ABF2B9129F1D1D700B5F0BE /* WebView.swift in Sources */ = {isa = PBXBuildFile; fileRef = 5ABF2B9029F1D1D700B5F0BE /* WebView.swift */; };
/* End PBXBuildFile section */

/* Begin PBXFileReference section */
		5ABF2B7229F1AD4E00B5F0BE /* qr-code-scanner.app */ = {isa = PBXFileReference; explicitFileType = wrapper.application; includeInIndex = 0; path = "qr-code-scanner.app"; sourceTree = BUILT_PRODUCTS_DIR; };
		5ABF2B7529F1AD4E00B5F0BE /* QRCodeScanner.swift */ = {isa = PBXFileReference; lastKnownFileType = sourcecode.swift; path = QRCodeScanner.swift; sourceTree = "<group>"; };
		5ABF2B7729F1AD4E00B5F0BE /* ContentView.swift */ = {isa = PBXFileReference; lastKnownFileType = sourcecode.swift; path = ContentView.swift; sourceTree = "<group>"; };
		5ABF2B7929F1AD5000B5F0BE /* Assets.xcassets */ = {isa = PBXFileReference; lastKnownFileType = folder.assetcatalog; path = Assets.xcassets; sourceTree = "<group>"; };
		5ABF2B7C29F1AD5000B5F0BE /* Preview Assets.xcassets */ = {isa = PBXFileReference; lastKnownFileType = folder.assetcatalog; path = "Preview Assets.xcassets"; sourceTree = "<group>"; };
		5ABF2B8629F1AE8700B5F0BE /* CameraPermission.swift */ = {isa = PBXFileReference; lastKnownFileType = sourcecode.swift; path = CameraPermission.swift; sourceTree = "<group>"; };
		5ABF2B8829F1AEF600B5F0BE /* ScannerDelegate.swift */ = {isa = PBXFileReference; lastKnownFileType = sourcecode.swift; path = ScannerDelegate.swift; sourceTree = "<group>"; };
		5ABF2B8A29F1B08500B5F0BE /* ExtensionsView.swift */ = {isa = PBXFileReference; lastKnownFileType = sourcecode.swift; path = ExtensionsView.swift; sourceTree = "<group>"; };
		5ABF2B8C29F1B4D900B5F0BE /* CameraView.swift */ = {isa = PBXFileReference; lastKnownFileType = sourcecode.swift; path = CameraView.swift; sourceTree = "<group>"; };
		5ABF2B8E29F1B67900B5F0BE /* ScannerView.swift */ = {isa = PBXFileReference; lastKnownFileType = sourcecode.swift; path = ScannerView.swift; sourceTree = "<group>"; };
		5ABF2B9029F1D1D700B5F0BE /* WebView.swift */ = {isa = PBXFileReference; lastKnownFileType = sourcecode.swift; path = WebView.swift; sourceTree = "<group>"; };
/* End PBXFileReference section */

/* Begin PBXFrameworksBuildPhase section */
		5ABF2B6F29F1AD4E00B5F0BE /* Frameworks */ = {
			isa = PBXFrameworksBuildPhase;
			buildActionMask = 2147483647;
			files = (
			);
			runOnlyForDeploymentPostprocessing = 0;
		};
/* End PBXFrameworksBuildPhase section */

/* Begin PBXGroup section */
		5ABF2B6929F1AD4E00B5F0BE = {
			isa = PBXGroup;
			children = (
				5ABF2B7429F1AD4E00B5F0BE /* qr-code-scanner */,
				5ABF2B7329F1AD4E00B5F0BE /* Products */,
			);
			sourceTree = "<group>";
		};
		5ABF2B7329F1AD4E00B5F0BE /* Products */ = {
			isa = PBXGroup;
			children = (
				5ABF2B7229F1AD4E00B5F0BE /* qr-code-scanner.app */,
			);
			name = Products;
			sourceTree = "<group>";
		};
		5ABF2B7429F1AD4E00B5F0BE /* qr-code-scanner */ = {
			isa = PBXGroup;
			children = (
				5ABF2B7529F1AD4E00B5F0BE /* QRCodeScanner.swift */,
				5ABF2B7729F1AD4E00B5F0BE /* ContentView.swift */,
				5ABF2B8429F1AE1E00B5F0BE /* Models */,
				5ABF2B8329F1AE0E00B5F0BE /* Views */,
				5ABF2B8529F1AE3E00B5F0BE /* Helpers */,
				5ABF2B7929F1AD5000B5F0BE /* Assets.xcassets */,
				5ABF2B7B29F1AD5000B5F0BE /* Preview Content */,
			);
			path = "qr-code-scanner";
			sourceTree = "<group>";
		};
		5ABF2B7B29F1AD5000B5F0BE /* Preview Content */ = {
			isa = PBXGroup;
			children = (
				5ABF2B7C29F1AD5000B5F0BE /* Preview Assets.xcassets */,
			);
			path = "Preview Content";
			sourceTree = "<group>";
		};
		5ABF2B8329F1AE0E00B5F0BE /* Views */ = {
			isa = PBXGroup;
			children = (
				5ABF2B8C29F1B4D900B5F0BE /* CameraView.swift */,
				5ABF2B8E29F1B67900B5F0BE /* ScannerView.swift */,
				5ABF2B9029F1D1D700B5F0BE /* WebView.swift */,
			);
			path = Views;
			sourceTree = "<group>";
		};
		5ABF2B8429F1AE1E00B5F0BE /* Models */ = {
			isa = PBXGroup;
			children = (
				5ABF2B8629F1AE8700B5F0BE /* CameraPermission.swift */,
				5ABF2B8829F1AEF600B5F0BE /* ScannerDelegate.swift */,
			);
			path = Models;
			sourceTree = "<group>";
		};
		5ABF2B8529F1AE3E00B5F0BE /* Helpers */ = {
			isa = PBXGroup;
			children = (
				5ABF2B8A29F1B08500B5F0BE /* ExtensionsView.swift */,
			);
			path = Helpers;
			sourceTree = "<group>";
		};
/* End PBXGroup section */

/* Begin PBXNativeTarget section */
		5ABF2B7129F1AD4E00B5F0BE /* qr-code-scanner */ = {
			isa = PBXNativeTarget;
			buildConfigurationList = 5ABF2B8029F1AD5000B5F0BE /* Build configuration list for PBXNativeTarget "qr-code-scanner" */;
			buildPhases = (
				5ABF2B6E29F1AD4E00B5F0BE /* Sources */,
				5ABF2B6F29F1AD4E00B5F0BE /* Frameworks */,
				5ABF2B7029F1AD4E00B5F0BE /* Resources */,
			);
			buildRules = (
			);
			dependencies = (
			);
			name = "qr-code-scanner";
			productName = "qr-code-scanner";
			productReference = 5ABF2B7229F1AD4E00B5F0BE /* qr-code-scanner.app */;
			productType = "com.apple.product-type.application";
		};
/* End PBXNativeTarget section */

/* Begin PBXProject section */
		5ABF2B6A29F1AD4E00B5F0BE /* Project object */ = {
			isa = PBXProject;
			attributes = {
				BuildIndependentTargetsInParallel = 1;
				LastSwiftUpdateCheck = 1420;
				LastUpgradeCheck = 1420;
				TargetAttributes = {
					5ABF2B7129F1AD4E00B5F0BE = {
						CreatedOnToolsVersion = 14.2;
					};
				};
			};
			buildConfigurationList = 5ABF2B6D29F1AD4E00B5F0BE /* Build configuration list for PBXProject "qr-code-scanner" */;
			compatibilityVersion = "Xcode 14.0";
			developmentRegion = en;
			hasScannedForEncodings = 0;
			knownRegions = (
				en,
				Base,
			);
			mainGroup = 5ABF2B6929F1AD4E00B5F0BE;
			productRefGroup = 5ABF2B7329F1AD4E00B5F0BE /* Products */;
			projectDirPath = "";
			projectRoot = "";
			targets = (
				5ABF2B7129F1AD4E00B5F0BE /* qr-code-scanner */,
			);
		};
/* End PBXProject section */

/* Begin PBXResourcesBuildPhase section */
		5ABF2B7029F1AD4E00B5F0BE /* Resources */ = {
			isa = PBXResourcesBuildPhase;
			buildActionMask = 2147483647;
			files = (
				5ABF2B7D29F1AD5000B5F0BE /* Preview Assets.xcassets in Resources */,
				5ABF2B7A29F1AD5000B5F0BE /* Assets.xcassets in Resources */,
			);
			runOnlyForDeploymentPostprocessing = 0;
		};
/* End PBXResourcesBuildPhase section */

/* Begin PBXSourcesBuildPhase section */
		5ABF2B6E29F1AD4E00B5F0BE /* Sources */ = {
			isa = PBXSourcesBuildPhase;
			buildActionMask = 2147483647;
			files = (
				5ABF2B7829F1AD4E00B5F0BE /* ContentView.swift in Sources */,
				5ABF2B9129F1D1D700B5F0BE /* WebView.swift in Sources */,
				5ABF2B8929F1AEF600B5F0BE /* ScannerDelegate.swift in Sources */,
				5ABF2B8729F1AE8700B5F0BE /* CameraPermission.swift in Sources */,
				5ABF2B8D29F1B4D900B5F0BE /* CameraView.swift in Sources */,
				5ABF2B8B29F1B08500B5F0BE /* ExtensionsView.swift in Sources */,
				5ABF2B8F29F1B67900B5F0BE /* ScannerView.swift in Sources */,
				5ABF2B7629F1AD4E00B5F0BE /* QRCodeScanner.swift in Sources */,
			);
			runOnlyForDeploymentPostprocessing = 0;
		};
/* End PBXSourcesBuildPhase section */

/* Begin XCBuildConfiguration section */
		5ABF2B7E29F1AD5000B5F0BE /* Debug */ = {
			isa = XCBuildConfiguration;
			buildSettings = {
				ALWAYS_SEARCH_USER_PATHS = NO;
				CLANG_ANALYZER_NONNULL = YES;
				CLANG_ANALYZER_NUMBER_OBJECT_CONVERSION = YES_AGGRESSIVE;
				CLANG_CXX_LANGUAGE_STANDARD = "gnu++20";
				CLANG_ENABLE_MODULES = YES;
				CLANG_ENABLE_OBJC_ARC = YES;
				CLANG_ENABLE_OBJC_WEAK = YES;
				CLANG_WARN_BLOCK_CAPTURE_AUTORELEASING = YES;
				CLANG_WARN_BOOL_CONVERSION = YES;
				CLANG_WARN_COMMA = YES;
				CLANG_WARN_CONSTANT_CONVERSION = YES;
				CLANG_WARN_DEPRECATED_OBJC_IMPLEMENTATIONS = YES;
				CLANG_WARN_DIRECT_OBJC_ISA_USAGE = YES_ERROR;
				CLANG_WARN_DOCUMENTATION_COMMENTS = YES;
				CLANG_WARN_EMPTY_BODY = YES;
				CLANG_WARN_ENUM_CONVERSION = YES;
				CLANG_WARN_INFINITE_RECURSION = YES;
				CLANG_WARN_INT_CONVERSION = YES;
				CLANG_WARN_NON_LITERAL_NULL_CONVERSION = YES;
				CLANG_WARN_OBJC_IMPLICIT_RETAIN_SELF = YES;
				CLANG_WARN_OBJC_LITERAL_CONVERSION = YES;
				CLANG_WARN_OBJC_ROOT_CLASS = YES_ERROR;
				CLANG_WARN_QUOTED_INCLUDE_IN_FRAMEWORK_HEADER = YES;
				CLANG_WARN_RANGE_LOOP_ANALYSIS = YES;
				CLANG_WARN_STRICT_PROTOTYPES = YES;
				CLANG_WARN_SUSPICIOUS_MOVE = YES;
				CLANG_WARN_UNGUARDED_AVAILABILITY = YES_AGGRESSIVE;
				CLANG_WARN_UNREACHABLE_CODE = YES;
				CLANG_WARN__DUPLICATE_METHOD_MATCH = YES;
				COPY_PHASE_STRIP = NO;
				DEBUG_INFORMATION_FORMAT = dwarf;
				ENABLE_STRICT_OBJC_MSGSEND = YES;
				ENABLE_TESTABILITY = YES;
				GCC_C_LANGUAGE_STANDARD = gnu11;
				GCC_DYNAMIC_NO_PIC = NO;
				GCC_NO_COMMON_BLOCKS = YES;
				GCC_OPTIMIZATION_LEVEL = 0;
				GCC_PREPROCESSOR_DEFINITIONS = (
					"DEBUG=1",
					"$(inherited)",
				);
				GCC_WARN_64_TO_32_BIT_CONVERSION = YES;
				GCC_WARN_ABOUT_RETURN_TYPE = YES_ERROR;
				GCC_WARN_UNDECLARED_SELECTOR = YES;
				GCC_WARN_UNINITIALIZED_AUTOS = YES_AGGRESSIVE;
				GCC_WARN_UNUSED_FUNCTION = YES;
				GCC_WARN_UNUSED_VARIABLE = YES;
				IPHONEOS_DEPLOYMENT_TARGET = 16.2;
				MTL_ENABLE_DEBUG_INFO = INCLUDE_SOURCE;
				MTL_FAST_MATH = YES;
				ONLY_ACTIVE_ARCH = YES;
				SDKROOT = iphoneos;
				SWIFT_ACTIVE_COMPILATION_CONDITIONS = DEBUG;
				SWIFT_OPTIMIZATION_LEVEL = "-Onone";
			};
			name = Debug;
		};
		5ABF2B7F29F1AD5000B5F0BE /* Release */ = {
			isa = XCBuildConfiguration;
			buildSettings = {
				ALWAYS_SEARCH_USER_PATHS = NO;
				CLANG_ANALYZER_NONNULL = YES;
				CLANG_ANALYZER_NUMBER_OBJECT_CONVERSION = YES_AGGRESSIVE;
				CLANG_CXX_LANGUAGE_STANDARD = "gnu++20";
				CLANG_ENABLE_MODULES = YES;
				CLANG_ENABLE_OBJC_ARC = YES;
				CLANG_ENABLE_OBJC_WEAK = YES;
				CLANG_WARN_BLOCK_CAPTURE_AUTORELEASING = YES;
				CLANG_WARN_BOOL_CONVERSION = YES;
				CLANG_WARN_COMMA = YES;
				CLANG_WARN_CONSTANT_CONVERSION = YES;
				CLANG_WARN_DEPRECATED_OBJC_IMPLEMENTATIONS = YES;
				CLANG_WARN_DIRECT_OBJC_ISA_USAGE = YES_ERROR;
				CLANG_WARN_DOCUMENTATION_COMMENTS = YES;
				CLANG_WARN_EMPTY_BODY = YES;
				CLANG_WARN_ENUM_CONVERSION = YES;
				CLANG_WARN_INFINITE_RECURSION = YES;
				CLANG_WARN_INT_CONVERSION = YES;
				CLANG_WARN_NON_LITERAL_NULL_CONVERSION = YES;
				CLANG_WARN_OBJC_IMPLICIT_RETAIN_SELF = YES;
				CLANG_WARN_OBJC_LITERAL_CONVERSION = YES;
				CLANG_WARN_OBJC_ROOT_CLASS = YES_ERROR;
				CLANG_WARN_QUOTED_INCLUDE_IN_FRAMEWORK_HEADER = YES;
				CLANG_WARN_RANGE_LOOP_ANALYSIS = YES;
				CLANG_WARN_STRICT_PROTOTYPES = YES;
				CLANG_WARN_SUSPICIOUS_MOVE = YES;
				CLANG_WARN_UNGUARDED_AVAILABILITY = YES_AGGRESSIVE;
				CLANG_WARN_UNREACHABLE_CODE = YES;
				CLANG_WARN__DUPLICATE_METHOD_MATCH = YES;
				COPY_PHASE_STRIP = NO;
				DEBUG_INFORMATION_FORMAT = "dwarf-with-dsym";
				ENABLE_NS_ASSERTIONS = NO;
				ENABLE_STRICT_OBJC_MSGSEND = YES;
				GCC_C_LANGUAGE_STANDARD = gnu11;
				GCC_NO_COMMON_BLOCKS = YES;
				GCC_WARN_64_TO_32_BIT_CONVERSION = YES;
				GCC_WARN_ABOUT_RETURN_TYPE = YES_ERROR;
				GCC_WARN_UNDECLARED_SELECTOR = YES;
				GCC_WARN_UNINITIALIZED_AUTOS = YES_AGGRESSIVE;
				GCC_WARN_UNUSED_FUNCTION = YES;
				GCC_WARN_UNUSED_VARIABLE = YES;
				IPHONEOS_DEPLOYMENT_TARGET = 16.2;
				MTL_ENABLE_DEBUG_INFO = NO;
				MTL_FAST_MATH = YES;
				SDKROOT = iphoneos;
				SWIFT_COMPILATION_MODE = wholemodule;
				SWIFT_OPTIMIZATION_LEVEL = "-O";
				VALIDATE_PRODUCT = YES;
			};
			name = Release;
		};
		5ABF2B8129F1AD5000B5F0BE /* Debug */ = {
			isa = XCBuildConfiguration;
			buildSettings = {
				ASSETCATALOG_COMPILER_APPICON_NAME = AppIcon;
				ASSETCATALOG_COMPILER_GLOBAL_ACCENT_COLOR_NAME = AccentColor;
				CODE_SIGN_STYLE = Automatic;
				CURRENT_PROJECT_VERSION = 1;
				DEVELOPMENT_ASSET_PATHS = "\"qr-code-scanner/Preview Content\"";
				DEVELOPMENT_TEAM = 94P9U8H695;
				ENABLE_PREVIEWS = YES;
				GENERATE_INFOPLIST_FILE = YES;
				INFOPLIST_KEY_NSCameraUsageDescription = "";
				INFOPLIST_KEY_UIApplicationSceneManifest_Generation = YES;
				INFOPLIST_KEY_UIApplicationSupportsIndirectInputEvents = YES;
				INFOPLIST_KEY_UILaunchScreen_Generation = YES;
				INFOPLIST_KEY_UISupportedInterfaceOrientations = UIInterfaceOrientationPortrait;
				INFOPLIST_KEY_UISupportedInterfaceOrientations_iPad = "UIInterfaceOrientationLandscapeLeft UIInterfaceOrientationLandscapeRight UIInterfaceOrientationPortrait UIInterfaceOrientationPortraitUpsideDown";
				IPHONEOS_DEPLOYMENT_TARGET = 16.0;
				LD_RUNPATH_SEARCH_PATHS = (
					"$(inherited)",
					"@executable_path/Frameworks",
				);
				MARKETING_VERSION = 1.0;
				PRODUCT_BUNDLE_IDENTIFIER = "RP.qr-code-scanner";
				PRODUCT_NAME = "$(TARGET_NAME)";
				SUPPORTED_PLATFORMS = "iphoneos iphonesimulator";
				SUPPORTS_MACCATALYST = NO;
				SUPPORTS_MAC_DESIGNED_FOR_IPHONE_IPAD = NO;
				SWIFT_EMIT_LOC_STRINGS = YES;
				SWIFT_VERSION = 5.0;
				TARGETED_DEVICE_FAMILY = "1,2";
			};
			name = Debug;
		};
		5ABF2B8229F1AD5000B5F0BE /* Release */ = {
			isa = XCBuildConfiguration;
			buildSettings = {
				ASSETCATALOG_COMPILER_APPICON_NAME = AppIcon;
				ASSETCATALOG_COMPILER_GLOBAL_ACCENT_COLOR_NAME = AccentColor;
				CODE_SIGN_STYLE = Automatic;
				CURRENT_PROJECT_VERSION = 1;
				DEVELOPMENT_ASSET_PATHS = "\"qr-code-scanner/Preview Content\"";
				DEVELOPMENT_TEAM = 94P9U8H695;
				ENABLE_PREVIEWS = YES;
				GENERATE_INFOPLIST_FILE = YES;
				INFOPLIST_KEY_NSCameraUsageDescription = "";
				INFOPLIST_KEY_UIApplicationSceneManifest_Generation = YES;
				INFOPLIST_KEY_UIApplicationSupportsIndirectInputEvents = YES;
				INFOPLIST_KEY_UILaunchScreen_Generation = YES;
				INFOPLIST_KEY_UISupportedInterfaceOrientations = UIInterfaceOrientationPortrait;
				INFOPLIST_KEY_UISupportedInterfaceOrientations_iPad = "UIInterfaceOrientationLandscapeLeft UIInterfaceOrientationLandscapeRight UIInterfaceOrientationPortrait UIInterfaceOrientationPortraitUpsideDown";
				IPHONEOS_DEPLOYMENT_TARGET = 16.0;
				LD_RUNPATH_SEARCH_PATHS = (
					"$(inherited)",
					"@executable_path/Frameworks",
				);
				MARKETING_VERSION = 1.0;
				PRODUCT_BUNDLE_IDENTIFIER = "RP.qr-code-scanner";
				PRODUCT_NAME = "$(TARGET_NAME)";
				SUPPORTED_PLATFORMS = "iphoneos iphonesimulator";
				SUPPORTS_MACCATALYST = NO;
				SUPPORTS_MAC_DESIGNED_FOR_IPHONE_IPAD = NO;
				SWIFT_EMIT_LOC_STRINGS = YES;
				SWIFT_VERSION = 5.0;
				TARGETED_DEVICE_FAMILY = "1,2";
			};
			name = Release;
		};
/* End XCBuildConfiguration section */

/* Begin XCConfigurationList section */
		5ABF2B6D29F1AD4E00B5F0BE /* Build configuration list for PBXProject "qr-code-scanner" */ = {
			isa = XCConfigurationList;
			buildConfigurations = (
				5ABF2B7E29F1AD5000B5F0BE /* Debug */,
				5ABF2B7F29F1AD5000B5F0BE /* Release */,
			);
			defaultConfigurationIsVisible = 0;
			defaultConfigurationName = Release;
		};
		5ABF2B8029F1AD5000B5F0BE /* Build configuration list for PBXNativeTarget "qr-code-scanner" */ = {
			isa = XCConfigurationList;
			buildConfigurations = (
				5ABF2B8129F1AD5000B5F0BE /* Debug */,
				5ABF2B8229F1AD5000B5F0BE /* Release */,
			);
			defaultConfigurationIsVisible = 0;
			defaultConfigurationName = Release;
		};
/* End XCConfigurationList section */
	};
	rootObject = 5ABF2B6A29F1AD4E00B5F0BE /* Project object */;
}
